
Microsoft Visual Studio Solution File, Format Version 12.00
# Visual Studio Version 16
VisualStudioVersion = 16.0.29911.84
MinimumVisualStudioVersion = 10.0.40219.1
Project("{FAE04EC0-301F-11D3-BF4B-00C04F79EFBC}") = "Skyrim", "Skyrim\Skyrim.csproj", "{9A7313FB-6608-4074-8B1F-24B122CD32AC}"
EndProject
Project("{FAE04EC0-301F-11D3-BF4B-00C04F79EFBC}") = "Engine", "Player\Engine.csproj", "{1C39C5AB-3128-4EBA-85F1-465A100805FE}"
EndProject
Global
	GlobalSection(SolutionConfigurationPlatforms) = preSolution
		Debug|Any CPU = Debug|Any CPU
		Release|Any CPU = Release|Any CPU
	EndGlobalSection
	GlobalSection(ProjectConfigurationPlatforms) = postSolution
		{9A7313FB-6608-4074-8B1F-24B122CD32AC}.Debug|Any CPU.ActiveCfg = Debug|Any CPU
		{9A7313FB-6608-4074-8B1F-24B122CD32AC}.Debug|Any CPU.Build.0 = Debug|Any CPU
		{9A7313FB-6608-4074-8B1F-24B122CD32AC}.Release|Any CPU.ActiveCfg = Release|Any CPU
		{9A7313FB-6608-4074-8B1F-24B122CD32AC}.Release|Any CPU.Build.0 = Release|Any CPU
		{1C39C5AB-3128-4EBA-85F1-465A100805FE}.Debug|Any CPU.ActiveCfg = Debug|Any CPU
		{1C39C5AB-3128-4EBA-85F1-465A100805FE}.Debug|Any CPU.Build.0 = Debug|Any CPU
		{1C39C5AB-3128-4EBA-85F1-465A100805FE}.Release|Any CPU.ActiveCfg = Release|Any CPU
		{1C39C5AB-3128-4EBA-85F1-465A100805FE}.Release|Any CPU.Build.0 = Release|Any CPU
	EndGlobalSection
	GlobalSection(SolutionProperties) = preSolution
		HideSolutionNode = FALSE
	EndGlobalSection
	GlobalSection(ExtensibilityGlobals) = postSolution
		SolutionGuid = {7B051A17-FD0B-4812-ABBD-89D58E925577}
	EndGlobalSection
EndGlobal
